
Microsoft Visual Studio Solution File, Format Version 12.00
# Visual Studio 15
VisualStudioVersion = 15.0.28307.102
MinimumVisualStudioVersion = 10.0.40219.1
Project("{FAE04EC0-301F-11D3-BF4B-00C04F79EFBC}") = "CyberLife", "CyberLife\CyberLife.csproj", "{1796EB80-CF53-4A96-BF44-A1954166720C}"
EndProject
Global
	GlobalSection(SolutionConfigurationPlatforms) = preSolution
		Debug|Any CPU = Debug|Any CPU
		Debug|x64 = Debug|x64
		Release|Any CPU = Release|Any CPU
		Release|x64 = Release|x64
	EndGlobalSection
	GlobalSection(ProjectConfigurationPlatforms) = postSolution
		{1796EB80-CF53-4A96-BF44-A1954166720C}.Debug|Any CPU.ActiveCfg = Debug|Any CPU
		{1796EB80-CF53-4A96-BF44-A1954166720C}.Debug|Any CPU.Build.0 = Debug|Any CPU
		{1796EB80-CF53-4A96-BF44-A1954166720C}.Debug|x64.ActiveCfg = Debug|x64
		{1796EB80-CF53-4A96-BF44-A1954166720C}.Debug|x64.Build.0 = Debug|x64
		{1796EB80-CF53-4A96-BF44-A1954166720C}.Release|Any CPU.ActiveCfg = Release|x64
		{1796EB80-CF53-4A96-BF44-A1954166720C}.Release|Any CPU.Build.0 = Release|x64
		{1796EB80-CF53-4A96-BF44-A1954166720C}.Release|x64.ActiveCfg = Release|x64
		{1796EB80-CF53-4A96-BF44-A1954166720C}.Release|x64.Build.0 = Release|x64
	EndGlobalSection
	GlobalSection(SolutionProperties) = preSolution
		HideSolutionNode = FALSE
	EndGlobalSection
	GlobalSection(ExtensibilityGlobals) = postSolution
		SolutionGuid = {96B7A933-886D-4906-B605-735E0D13A5DA}
	EndGlobalSection
EndGlobal
